
Microsoft Visual Studio Solution File, Format Version 12.00
# Visual Studio Version 17
VisualStudioVersion = 17.8.34322.80
MinimumVisualStudioVersion = 10.0.40219.1
Project("{FAE04EC0-301F-11D3-BF4B-00C04F79EFBC}") = "CoinApi", "CoinApi\CoinApi.csproj", "{29AA5361-41F7-452A-8D4E-226DDEE4A40C}"
EndProject
Global
	GlobalSection(SolutionConfigurationPlatforms) = preSolution
		Debug|Any CPU = Debug|Any CPU
		Release|Any CPU = Release|Any CPU
	EndGlobalSection
	GlobalSection(ProjectConfigurationPlatforms) = postSolution
		{29AA5361-41F7-452A-8D4E-226DDEE4A40C}.Debug|Any CPU.ActiveCfg = Debug|Any CPU
		{29AA5361-41F7-452A-8D4E-226DDEE4A40C}.Debug|Any CPU.Build.0 = Debug|Any CPU
		{29AA5361-41F7-452A-8D4E-226DDEE4A40C}.Release|Any CPU.ActiveCfg = Release|Any CPU
		{29AA5361-41F7-452A-8D4E-226DDEE4A40C}.Release|Any CPU.Build.0 = Release|Any CPU
	EndGlobalSection
	GlobalSection(SolutionProperties) = preSolution
		HideSolutionNode = FALSE
	EndGlobalSection
	GlobalSection(ExtensibilityGlobals) = postSolution
		SolutionGuid = {755BE6FC-D8C5-419E-BEFA-A0C00D240793}
	EndGlobalSection
EndGlobal
